<?xml version="1.0" encoding="utf-8"?>
<Project ToolsVersion="4.0" xmlns="http://schemas.microsoft.com/developer/msbuild/2003">
  <ItemGroup>
    <ClCompile Include="..\..\Src\bfs.cpp">
      <Filter>Source Files</Filter>
    </ClCompile>
    <ClCompile Include="..\..\Src\dllmain.cpp">
      <Filter>Source Files</Filter>
    </ClCompile>
    <ClCompile Include="..\..\Src\GameManager.cpp">
      <Filter>Source Files</Filter>
    </ClCompile>
    <ClCompile Include="..\..\Src\generaAleatorio.cpp">
      <Filter>Source Files</Filter>
    </ClCompile>
    <ClCompile Include="..\..\Src\grafo.cpp">
      <Filter>Source Files</Filter>
    </ClCompile>
    <ClCompile Include="..\..\Src\Juego.cpp">
      <Filter>Source Files</Filter>
    </ClCompile>
    <ClCompile Include="..\..\Src\pch.cpp">
      <Filter>Source Files</Filter>
    </ClCompile>
    <ClCompile Include="..\..\Src\EndState.cpp">
      <Filter>Source Files\States</Filter>
    </ClCompile>
    <ClCompile Include="..\..\Src\MainMenu.cpp">
      <Filter>Source Files\States</Filter>
    </ClCompile>
    <ClCompile Include="..\..\Src\Options.cpp">
      <Filter>Source Files\States</Filter>
    </ClCompile>
    <ClCompile Include="..\..\Src\LookatMouse.cpp">
      <Filter>Source Files\Components</Filter>
    </ClCompile>
    <ClCompile Include="..\..\Src\MoveBullet.cpp">
      <Filter>Source Files\Components</Filter>
    </ClCompile>
    <ClCompile Include="..\..\Src\Shoot.cpp">
      <Filter>Source Files\Components</Filter>
    </ClCompile>
    <ClCompile Include="..\..\Src\SpawnZombis.cpp">
      <Filter>Source Files\Components</Filter>
    </ClCompile>
    <ClCompile Include="..\..\Src\zombieMove.cpp">
      <Filter>Source Files\Components</Filter>
    </ClCompile>
    <ClCompile Include="..\..\Src\Personaje.cpp">
      <Filter>Source Files\Components</Filter>
    </ClCompile>
    <ClCompile Include="..\..\Src\Jugador.cpp">
      <Filter>Source Files\Components</Filter>
    </ClCompile>
    <ClCompile Include="..\..\Src\grafoConObstaculos.cpp">
      <Filter>Source Files\Components</Filter>
    </ClCompile>
  </ItemGroup>
  <ItemGroup>
    <ClInclude Include="..\..\Src\includes\bfs.h">
      <Filter>Header Files</Filter>
    </ClInclude>
    <ClInclude Include="..\..\Src\includes\framework.h">
      <Filter>Header Files</Filter>
    </ClInclude>
    <ClInclude Include="..\..\Src\includes\GameManager.h">
      <Filter>Header Files</Filter>
    </ClInclude>
    <ClInclude Include="..\..\Src\includes\generaAleatorio.h">
      <Filter>Header Files</Filter>
    </ClInclude>
    <ClInclude Include="..\..\Src\includes\grafo.h">
      <Filter>Header Files</Filter>
    </ClInclude>
    <ClInclude Include="..\..\Src\includes\Juego.h">
      <Filter>Header Files</Filter>
    </ClInclude>
    <ClInclude Include="..\..\Src\includes\pch.h">
      <Filter>Header Files</Filter>
    </ClInclude>
    <ClInclude Include="..\..\Src\includes\Shoot.h">
      <Filter>Header Files\Components</Filter>
    </ClInclude>
    <ClInclude Include="..\..\Src\includes\Jugador.h">
      <Filter>Header Files\Components</Filter>
    </ClInclude>
    <ClInclude Include="..\..\Src\includes\LookatMouse.h">
      <Filter>Header Files\Components</Filter>
    </ClInclude>
    <ClInclude Include="..\..\Src\includes\Personaje.h">
      <Filter>Header Files\Components</Filter>
    </ClInclude>
    <ClInclude Include="..\..\Src\includes\zombieMove.h">
      <Filter>Header Files\Components</Filter>
    </ClInclude>
    <ClInclude Include="..\..\Src\includes\SpawnZombis.h">
      <Filter>Header Files\Components</Filter>
    </ClInclude>
    <ClInclude Include="..\..\Src\includes\MoveBullet.h">
      <Filter>Header Files\Components</Filter>
    </ClInclude>
    <ClInclude Include="..\..\Src\includes\grafoConObstaculos.h">
      <Filter>Header Files\Components</Filter>
    </ClInclude>
    <ClInclude Include="..\..\Src\includes\EndState.h">
      <Filter>Header Files\States</Filter>
    </ClInclude>
    <ClInclude Include="..\..\Src\includes\MainMenu.h">
      <Filter>Header Files\States</Filter>
    </ClInclude>
    <ClInclude Include="..\..\Src\includes\Options.h">
      <Filter>Header Files\States</Filter>
    </ClInclude>
  </ItemGroup>
  <ItemGroup>
    <Filter Include="Header Files">
      <UniqueIdentifier>{772fc4d9-f28e-40f6-aa03-51b1bd0c6991}</UniqueIdentifier>
    </Filter>
    <Filter Include="Source Files">
      <UniqueIdentifier>{ee0fe194-90a5-4df9-b554-029c2eadab49}</UniqueIdentifier>
    </Filter>
    <Filter Include="Header Files\Components">
      <UniqueIdentifier>{ed9fea11-a918-4824-8abe-f4034978e6d5}</UniqueIdentifier>
    </Filter>
    <Filter Include="Header Files\States">
      <UniqueIdentifier>{937fd919-e99b-4481-ae88-46efce4c6f5d}</UniqueIdentifier>
    </Filter>
    <Filter Include="Source Files\Components">
      <UniqueIdentifier>{050c478e-7fe9-42c9-99a3-7e71c6832e63}</UniqueIdentifier>
    </Filter>
    <Filter Include="Source Files\States">
      <UniqueIdentifier>{c631e777-d308-47d9-9681-f029cd331123}</UniqueIdentifier>
    </Filter>
  </ItemGroup>
</Project>